// !$*UTF8*$!
{
	archiveVersion = 1;
	classes = {
	};
	objectVersion = 46;
	objects = {

/* Begin PBXBuildFile section */
		80458C821F7ADBA3008CDB50 /* ListViewController.swift in Sources */ = {isa = PBXBuildFile; fileRef = 80458C811F7ADBA3008CDB50 /* ListViewController.swift */; };
		80F2188F1F6E81F100EAB0D0 /* AppDelegate.swift in Sources */ = {isa = PBXBuildFile; fileRef = 80F2188E1F6E81F100EAB0D0 /* AppDelegate.swift */; };
		80F218941F6E81F100EAB0D0 /* Main.storyboard in Resources */ = {isa = PBXBuildFile; fileRef = 80F218921F6E81F100EAB0D0 /* Main.storyboard */; };
		80F218961F6E81F100EAB0D0 /* Assets.xcassets in Resources */ = {isa = PBXBuildFile; fileRef = 80F218951F6E81F100EAB0D0 /* Assets.xcassets */; };
		80F218991F6E81F100EAB0D0 /* LaunchScreen.storyboard in Resources */ = {isa = PBXBuildFile; fileRef = 80F218971F6E81F100EAB0D0 /* LaunchScreen.storyboard */; };
		80F218A11F6E836300EAB0D0 /* WelcomeViewController.swift in Sources */ = {isa = PBXBuildFile; fileRef = 80F218A01F6E836300EAB0D0 /* WelcomeViewController.swift */; };
/* End PBXBuildFile section */

/* Begin PBXFileReference section */
		80458C811F7ADBA3008CDB50 /* ListViewController.swift */ = {isa = PBXFileReference; fileEncoding = 4; lastKnownFileType = sourcecode.swift; name = ListViewController.swift; path = ../ListViewController.swift; sourceTree = "<group>"; };
		80F2188B1F6E81F100EAB0D0 /* ID.app */ = {isa = PBXFileReference; explicitFileType = wrapper.application; includeInIndex = 0; path = ID.app; sourceTree = BUILT_PRODUCTS_DIR; };
		80F2188E1F6E81F100EAB0D0 /* AppDelegate.swift */ = {isa = PBXFileReference; lastKnownFileType = sourcecode.swift; path = AppDelegate.swift; sourceTree = "<group>"; };
		80F218931F6E81F100EAB0D0 /* Base */ = {isa = PBXFileReference; lastKnownFileType = file.storyboard; name = Base; path = Base.lproj/Main.storyboard; sourceTree = "<group>"; };
		80F218951F6E81F100EAB0D0 /* Assets.xcassets */ = {isa = PBXFileReference; lastKnownFileType = folder.assetcatalog; path = Assets.xcassets; sourceTree = "<group>"; };
		80F218981F6E81F100EAB0D0 /* Base */ = {isa = PBXFileReference; lastKnownFileType = file.storyboard; name = Base; path = Base.lproj/LaunchScreen.storyboard; sourceTree = "<group>"; };
		80F2189A1F6E81F100EAB0D0 /* Info.plist */ = {isa = PBXFileReference; lastKnownFileType = text.plist.xml; path = Info.plist; sourceTree = "<group>"; };
		80F218A01F6E836300EAB0D0 /* WelcomeViewController.swift */ = {isa = PBXFileReference; fileEncoding = 4; lastKnownFileType = sourcecode.swift; path = WelcomeViewController.swift; sourceTree = "<group>"; };
/* End PBXFileReference section */

/* Begin PBXFrameworksBuildPhase section */
		80F218881F6E81F100EAB0D0 /* Frameworks */ = {
			isa = PBXFrameworksBuildPhase;
			buildActionMask = 2147483647;
			files = (
			);
			runOnlyForDeploymentPostprocessing = 0;
		};
/* End PBXFrameworksBuildPhase section */

/* Begin PBXGroup section */
		80F218821F6E81F100EAB0D0 = {
			isa = PBXGroup;
			children = (
				80F2188D1F6E81F100EAB0D0 /* ID */,
				80F2188C1F6E81F100EAB0D0 /* Products */,
			);
			sourceTree = "<group>";
		};
		80F2188C1F6E81F100EAB0D0 /* Products */ = {
			isa = PBXGroup;
			children = (
				80F2188B1F6E81F100EAB0D0 /* ID.app */,
			);
			name = Products;
			sourceTree = "<group>";
		};
		80F2188D1F6E81F100EAB0D0 /* ID */ = {
			isa = PBXGroup;
			children = (
				80F2188E1F6E81F100EAB0D0 /* AppDelegate.swift */,
				80458C811F7ADBA3008CDB50 /* ListViewController.swift */,
				80F218A01F6E836300EAB0D0 /* WelcomeViewController.swift */,
				80F218921F6E81F100EAB0D0 /* Main.storyboard */,
				80F218951F6E81F100EAB0D0 /* Assets.xcassets */,
				80F218971F6E81F100EAB0D0 /* LaunchScreen.storyboard */,
				80F2189A1F6E81F100EAB0D0 /* Info.plist */,
			);
			path = ID;
			sourceTree = "<group>";
		};
/* End PBXGroup section */

/* Begin PBXNativeTarget section */
		80F2188A1F6E81F100EAB0D0 /* ID */ = {
			isa = PBXNativeTarget;
			buildConfigurationList = 80F2189D1F6E81F100EAB0D0 /* Build configuration list for PBXNativeTarget "ID" */;
			buildPhases = (
				80F218871F6E81F100EAB0D0 /* Sources */,
				80F218881F6E81F100EAB0D0 /* Frameworks */,
				80F218891F6E81F100EAB0D0 /* Resources */,
			);
			buildRules = (
			);
			dependencies = (
			);
			name = ID;
			productName = ID;
			productReference = 80F2188B1F6E81F100EAB0D0 /* ID.app */;
			productType = "com.apple.product-type.application";
		};
/* End PBXNativeTarget section */

/* Begin PBXProject section */
		80F218831F6E81F100EAB0D0 /* Project object */ = {
			isa = PBXProject;
			attributes = {
				LastSwiftUpdateCheck = 0830;
				LastUpgradeCheck = 0830;
				ORGANIZATIONNAME = "Sharon McDermott";
				TargetAttributes = {
					80F2188A1F6E81F100EAB0D0 = {
						CreatedOnToolsVersion = 8.3.3;
						DevelopmentTeam = E24NELMJLG;
						ProvisioningStyle = Automatic;
					};
				};
			};
			buildConfigurationList = 80F218861F6E81F100EAB0D0 /* Build configuration list for PBXProject "ID" */;
			compatibilityVersion = "Xcode 3.2";
			developmentRegion = English;
			hasScannedForEncodings = 0;
			knownRegions = (
				en,
				Base,
			);
			mainGroup = 80F218821F6E81F100EAB0D0;
			productRefGroup = 80F2188C1F6E81F100EAB0D0 /* Products */;
			projectDirPath = "";
			projectRoot = "";
			targets = (
				80F2188A1F6E81F100EAB0D0 /* ID */,
			);
		};
/* End PBXProject section */

/* Begin PBXResourcesBuildPhase section */
		80F218891F6E81F100EAB0D0 /* Resources */ = {
			isa = PBXResourcesBuildPhase;
			buildActionMask = 2147483647;
			files = (
				80F218991F6E81F100EAB0D0 /* LaunchScreen.storyboard in Resources */,
				80F218961F6E81F100EAB0D0 /* Assets.xcassets in Resources */,
				80F218941F6E81F100EAB0D0 /* Main.storyboard in Resources */,
			);
			runOnlyForDeploymentPostprocessing = 0;
		};
/* End PBXResourcesBuildPhase section */

/* Begin PBXSourcesBuildPhase section */
		80F218871F6E81F100EAB0D0 /* Sources */ = {
			isa = PBXSourcesBuildPhase;
			buildActionMask = 2147483647;
			files = (
				80F2188F1F6E81F100EAB0D0 /* AppDelegate.swift in Sources */,
				80F218A11F6E836300EAB0D0 /* WelcomeViewController.swift in Sources */,
				80458C821F7ADBA3008CDB50 /* ListViewController.swift in Sources */,
			);
			runOnlyForDeploymentPostprocessing = 0;
		};
/* End PBXSourcesBuildPhase section */

/* Begin PBXVariantGroup section */
		80F218921F6E81F100EAB0D0 /* Main.storyboard */ = {
			isa = PBXVariantGroup;
			children = (
				80F218931F6E81F100EAB0D0 /* Base */,
			);
			name = Main.storyboard;
			sourceTree = "<group>";
		};
		80F218971F6E81F100EAB0D0 /* LaunchScreen.storyboard */ = {
			isa = PBXVariantGroup;
			children = (
				80F218981F6E81F100EAB0D0 /* Base */,
			);
			name = LaunchScreen.storyboard;
			sourceTree = "<group>";
		};
/* End PBXVariantGroup section */

/* Begin XCBuildConfiguration section */
		80F2189B1F6E81F100EAB0D0 /* Debug */ = {
			isa = XCBuildConfiguration;
			buildSettings = {
				ALWAYS_SEARCH_USER_PATHS = NO;
				CLANG_ANALYZER_NONNULL = YES;
				CLANG_ANALYZER_NUMBER_OBJECT_CONVERSION = YES_AGGRESSIVE;
				CLANG_CXX_LANGUAGE_STANDARD = "gnu++0x";
				CLANG_CXX_LIBRARY = "libc++";
				CLANG_ENABLE_MODULES = YES;
				CLANG_ENABLE_OBJC_ARC = YES;
				CLANG_WARN_BOOL_CONVERSION = YES;
				CLANG_WARN_CONSTANT_CONVERSION = YES;
				CLANG_WARN_DIRECT_OBJC_ISA_USAGE = YES_ERROR;
				CLANG_WARN_DOCUMENTATION_COMMENTS = YES;
				CLANG_WARN_EMPTY_BODY = YES;
				CLANG_WARN_ENUM_CONVERSION = YES;
				CLANG_WARN_INFINITE_RECURSION = YES;
				CLANG_WARN_INT_CONVERSION = YES;
				CLANG_WARN_OBJC_ROOT_CLASS = YES_ERROR;
				CLANG_WARN_SUSPICIOUS_MOVE = YES;
				CLANG_WARN_UNREACHABLE_CODE = YES;
				CLANG_WARN__DUPLICATE_METHOD_MATCH = YES;
				"CODE_SIGN_IDENTITY[sdk=iphoneos*]" = "iPhone Developer";
				COPY_PHASE_STRIP = NO;
				DEBUG_INFORMATION_FORMAT = dwarf;
				ENABLE_STRICT_OBJC_MSGSEND = YES;
				ENABLE_TESTABILITY = YES;
				GCC_C_LANGUAGE_STANDARD = gnu99;
				GCC_DYNAMIC_NO_PIC = NO;
				GCC_NO_COMMON_BLOCKS = YES;
				GCC_OPTIMIZATION_LEVEL = 0;
				GCC_PREPROCESSOR_DEFINITIONS = (
					"DEBUG=1",
					"$(inherited)",
				);
				GCC_WARN_64_TO_32_BIT_CONVERSION = YES;
				GCC_WARN_ABOUT_RETURN_TYPE = YES_ERROR;
				GCC_WARN_UNDECLARED_SELECTOR = YES;
				GCC_WARN_UNINITIALIZED_AUTOS = YES_AGGRESSIVE;
				GCC_WARN_UNUSED_FUNCTION = YES;
				GCC_WARN_UNUSED_VARIABLE = YES;
				IPHONEOS_DEPLOYMENT_TARGET = 10.3;
				MTL_ENABLE_DEBUG_INFO = YES;
				ONLY_ACTIVE_ARCH = YES;
				SDKROOT = iphoneos;
				SWIFT_ACTIVE_COMPILATION_CONDITIONS = DEBUG;
				SWIFT_OPTIMIZATION_LEVEL = "-Onone";
				TARGETED_DEVICE_FAMILY = "1,2";
			};
			name = Debug;
		};
		80F2189C1F6E81F100EAB0D0 /* Release */ = {
			isa = XCBuildConfiguration;
			buildSettings = {
				ALWAYS_SEARCH_USER_PATHS = NO;
				CLANG_ANALYZER_NONNULL = YES;
				CLANG_ANALYZER_NUMBER_OBJECT_CONVERSION = YES_AGGRESSIVE;
				CLANG_CXX_LANGUAGE_STANDARD = "gnu++0x";
				CLANG_CXX_LIBRARY = "libc++";
				CLANG_ENABLE_MODULES = YES;
				CLANG_ENABLE_OBJC_ARC = YES;
				CLANG_WARN_BOOL_CONVERSION = YES;
				CLANG_WARN_CONSTANT_CONVERSION = YES;
				CLANG_WARN_DIRECT_OBJC_ISA_USAGE = YES_ERROR;
				CLANG_WARN_DOCUMENTATION_COMMENTS = YES;
				CLANG_WARN_EMPTY_BODY = YES;
				CLANG_WARN_ENUM_CONVERSION = YES;
				CLANG_WARN_INFINITE_RECURSION = YES;
				CLANG_WARN_INT_CONVERSION = YES;
				CLANG_WARN_OBJC_ROOT_CLASS = YES_ERROR;
				CLANG_WARN_SUSPICIOUS_MOVE = YES;
				CLANG_WARN_UNREACHABLE_CODE = YES;
				CLANG_WARN__DUPLICATE_METHOD_MATCH = YES;
				"CODE_SIGN_IDENTITY[sdk=iphoneos*]" = "iPhone Developer";
				COPY_PHASE_STRIP = NO;
				DEBUG_INFORMATION_FORMAT = "dwarf-with-dsym";
				ENABLE_NS_ASSERTIONS = NO;
				ENABLE_STRICT_OBJC_MSGSEND = YES;
				GCC_C_LANGUAGE_STANDARD = gnu99;
				GCC_NO_COMMON_BLOCKS = YES;
				GCC_WARN_64_TO_32_BIT_CONVERSION = YES;
				GCC_WARN_ABOUT_RETURN_TYPE = YES_ERROR;
				GCC_WARN_UNDECLARED_SELECTOR = YES;
				GCC_WARN_UNINITIALIZED_AUTOS = YES_AGGRESSIVE;
				GCC_WARN_UNUSED_FUNCTION = YES;
				GCC_WARN_UNUSED_VARIABLE = YES;
				IPHONEOS_DEPLOYMENT_TARGET = 10.3;
				MTL_ENABLE_DEBUG_INFO = NO;
				SDKROOT = iphoneos;
				SWIFT_OPTIMIZATION_LEVEL = "-Owholemodule";
				TARGETED_DEVICE_FAMILY = "1,2";
				VALIDATE_PRODUCT = YES;
			};
			name = Release;
		};
		80F2189E1F6E81F100EAB0D0 /* Debug */ = {
			isa = XCBuildConfiguration;
			buildSettings = {
				ASSETCATALOG_COMPILER_APPICON_NAME = AppIcon;
				DEVELOPMENT_TEAM = E24NELMJLG;
				INFOPLIST_FILE = ID/Info.plist;
				LD_RUNPATH_SEARCH_PATHS = "$(inherited) @executable_path/Frameworks";
				PRODUCT_BUNDLE_IDENTIFIER = com.sharonmcdermott.ID;
				PRODUCT_NAME = "$(TARGET_NAME)";
				SWIFT_VERSION = 3.0;
			};
			name = Debug;
		};
		80F2189F1F6E81F100EAB0D0 /* Release */ = {
			isa = XCBuildConfiguration;
			buildSettings = {
				ASSETCATALOG_COMPILER_APPICON_NAME = AppIcon;
				DEVELOPMENT_TEAM = E24NELMJLG;
				INFOPLIST_FILE = ID/Info.plist;
				LD_RUNPATH_SEARCH_PATHS = "$(inherited) @executable_path/Frameworks";
				PRODUCT_BUNDLE_IDENTIFIER = com.sharonmcdermott.ID;
				PRODUCT_NAME = "$(TARGET_NAME)";
				SWIFT_VERSION = 3.0;
			};
			name = Release;
		};
/* End XCBuildConfiguration section */

/* Begin XCConfigurationList section */
		80F218861F6E81F100EAB0D0 /* Build configuration list for PBXProject "ID" */ = {
			isa = XCConfigurationList;
			buildConfigurations = (
				80F2189B1F6E81F100EAB0D0 /* Debug */,
				80F2189C1F6E81F100EAB0D0 /* Release */,
			);
			defaultConfigurationIsVisible = 0;
			defaultConfigurationName = Release;
		};
		80F2189D1F6E81F100EAB0D0 /* Build configuration list for PBXNativeTarget "ID" */ = {
			isa = XCConfigurationList;
			buildConfigurations = (
				80F2189E1F6E81F100EAB0D0 /* Debug */,
				80F2189F1F6E81F100EAB0D0 /* Release */,
			);
			defaultConfigurationIsVisible = 0;
			defaultConfigurationName = Release;
		};
/* End XCConfigurationList section */
	};
	rootObject = 80F218831F6E81F100EAB0D0 /* Project object */;
}
